
Microsoft Visual Studio Solution File, Format Version 12.00
# Visual Studio Version 17
VisualStudioVersion = 17.0.32014.148
MinimumVisualStudioVersion = 10.0.40219.1
Project("{FAE04EC0-301F-11D3-BF4B-00C04F79EFBC}") = "DataManagement.Web", "DataManagement.Web\DataManagement.Web.csproj", "{C0F7D0E4-DAC2-4823-B840-BD338E39A460}"
EndProject
Project("{FAE04EC0-301F-11D3-BF4B-00C04F79EFBC}") = "DataManagement.Model", "DataManagement.Model\DataManagement.Model.csproj", "{316C21FF-2EF2-4834-B016-6CED5C2B3D26}"
EndProject
Project("{FAE04EC0-301F-11D3-BF4B-00C04F79EFBC}") = "DataManagement.Service", "DataManagement.Service\DataManagement.Service.csproj", "{CD7AB2EF-700A-4B97-8EAB-E843ADC65769}"
EndProject
Project("{FAE04EC0-301F-11D3-BF4B-00C04F79EFBC}") = "DataManagement.Entity", "DataManagement.Entity\DataManagement.Entity.csproj", "{12203DBD-0773-4A8C-9A6B-4168B1709F20}"
EndProject
Global
	GlobalSection(SolutionConfigurationPlatforms) = preSolution
		Debug|Any CPU = Debug|Any CPU
		Release|Any CPU = Release|Any CPU
	EndGlobalSection
	GlobalSection(ProjectConfigurationPlatforms) = postSolution
		{C0F7D0E4-DAC2-4823-B840-BD338E39A460}.Debug|Any CPU.ActiveCfg = Debug|Any CPU
		{C0F7D0E4-DAC2-4823-B840-BD338E39A460}.Debug|Any CPU.Build.0 = Debug|Any CPU
		{C0F7D0E4-DAC2-4823-B840-BD338E39A460}.Release|Any CPU.ActiveCfg = Release|Any CPU
		{C0F7D0E4-DAC2-4823-B840-BD338E39A460}.Release|Any CPU.Build.0 = Release|Any CPU
		{316C21FF-2EF2-4834-B016-6CED5C2B3D26}.Debug|Any CPU.ActiveCfg = Debug|Any CPU
		{316C21FF-2EF2-4834-B016-6CED5C2B3D26}.Debug|Any CPU.Build.0 = Debug|Any CPU
		{316C21FF-2EF2-4834-B016-6CED5C2B3D26}.Release|Any CPU.ActiveCfg = Release|Any CPU
		{316C21FF-2EF2-4834-B016-6CED5C2B3D26}.Release|Any CPU.Build.0 = Release|Any CPU
		{CD7AB2EF-700A-4B97-8EAB-E843ADC65769}.Debug|Any CPU.ActiveCfg = Debug|Any CPU
		{CD7AB2EF-700A-4B97-8EAB-E843ADC65769}.Debug|Any CPU.Build.0 = Debug|Any CPU
		{CD7AB2EF-700A-4B97-8EAB-E843ADC65769}.Release|Any CPU.ActiveCfg = Release|Any CPU
		{CD7AB2EF-700A-4B97-8EAB-E843ADC65769}.Release|Any CPU.Build.0 = Release|Any CPU
		{12203DBD-0773-4A8C-9A6B-4168B1709F20}.Debug|Any CPU.ActiveCfg = Debug|Any CPU
		{12203DBD-0773-4A8C-9A6B-4168B1709F20}.Debug|Any CPU.Build.0 = Debug|Any CPU
		{12203DBD-0773-4A8C-9A6B-4168B1709F20}.Release|Any CPU.ActiveCfg = Release|Any CPU
		{12203DBD-0773-4A8C-9A6B-4168B1709F20}.Release|Any CPU.Build.0 = Release|Any CPU
	EndGlobalSection
	GlobalSection(SolutionProperties) = preSolution
		HideSolutionNode = FALSE
	EndGlobalSection
	GlobalSection(ExtensibilityGlobals) = postSolution
		SolutionGuid = {673B989A-836A-4936-9AAE-C7A5EE8D4160}
	EndGlobalSection
EndGlobal
