
Microsoft Visual Studio Solution File, Format Version 12.00
# Visual Studio Version 17
VisualStudioVersion = 17.0.32014.148
MinimumVisualStudioVersion = 10.0.40219.1
Project("{FAE04EC0-301F-11D3-BF4B-00C04F79EFBC}") = "DataManagement.Web", "DataManagement.Web\DataManagement.Web.csproj", "{C0F7D0E4-DAC2-4823-B840-BD338E39A460}"
EndProject
Global
	GlobalSection(SolutionConfigurationPlatforms) = preSolution
		Debug|Any CPU = Debug|Any CPU
		Release|Any CPU = Release|Any CPU
	EndGlobalSection
	GlobalSection(ProjectConfigurationPlatforms) = postSolution
		{C0F7D0E4-DAC2-4823-B840-BD338E39A460}.Debug|Any CPU.ActiveCfg = Debug|Any CPU
		{C0F7D0E4-DAC2-4823-B840-BD338E39A460}.Debug|Any CPU.Build.0 = Debug|Any CPU
		{C0F7D0E4-DAC2-4823-B840-BD338E39A460}.Release|Any CPU.ActiveCfg = Release|Any CPU
		{C0F7D0E4-DAC2-4823-B840-BD338E39A460}.Release|Any CPU.Build.0 = Release|Any CPU
	EndGlobalSection
	GlobalSection(SolutionProperties) = preSolution
		HideSolutionNode = FALSE
	EndGlobalSection
	GlobalSection(ExtensibilityGlobals) = postSolution
		SolutionGuid = {673B989A-836A-4936-9AAE-C7A5EE8D4160}
	EndGlobalSection
EndGlobal
